
Microsoft Visual Studio Solution File, Format Version 12.00
# Visual Studio Version 16
VisualStudioVersion = 16.0.33927.289
MinimumVisualStudioVersion = 10.0.40219.1
Project("{FAE04EC0-301F-11D3-BF4B-00C04F79EFBC}") = "Laba_3", "Laba_3.csproj", "{E2DD3F6B-57D9-4A33-B3AA-7F04241D918A}"
EndProject
Global
	GlobalSection(SolutionConfigurationPlatforms) = preSolution
		Debug|Any CPU = Debug|Any CPU
		Release|Any CPU = Release|Any CPU
	EndGlobalSection
	GlobalSection(ProjectConfigurationPlatforms) = postSolution
		{E2DD3F6B-57D9-4A33-B3AA-7F04241D918A}.Debug|Any CPU.ActiveCfg = Debug|Any CPU
		{E2DD3F6B-57D9-4A33-B3AA-7F04241D918A}.Debug|Any CPU.Build.0 = Debug|Any CPU
		{E2DD3F6B-57D9-4A33-B3AA-7F04241D918A}.Release|Any CPU.ActiveCfg = Release|Any CPU
		{E2DD3F6B-57D9-4A33-B3AA-7F04241D918A}.Release|Any CPU.Build.0 = Release|Any CPU
	EndGlobalSection
	GlobalSection(SolutionProperties) = preSolution
		HideSolutionNode = FALSE
	EndGlobalSection
	GlobalSection(ExtensibilityGlobals) = postSolution
		SolutionGuid = {BF333B46-FA4D-43D3-9CFA-9652507C7C1D}
	EndGlobalSection
EndGlobal
